
Microsoft Visual Studio Solution File, Format Version 12.00
# Visual Studio Version 16
VisualStudioVersion = 16.0.30503.244
MinimumVisualStudioVersion = 10.0.40219.1
Project("{FAE04EC0-301F-11D3-BF4B-00C04F79EFBC}") = "Elso", "Első\Elso.csproj", "{0C7E202E-E3E3-4249-8C1D-EB4317688DE6}"
EndProject
Project("{FAE04EC0-301F-11D3-BF4B-00C04F79EFBC}") = "Masodik", "Második\Masodik.csproj", "{FA0162F6-F96F-4AB1-A08D-0BB1F7EF3085}"
EndProject
Project("{FAE04EC0-301F-11D3-BF4B-00C04F79EFBC}") = "Harmadik", "Harmadik\Harmadik.csproj", "{07852E4A-BF21-483F-A766-43243B4329C2}"
EndProject
Global
	GlobalSection(SolutionConfigurationPlatforms) = preSolution
		Debug|Any CPU = Debug|Any CPU
		Release|Any CPU = Release|Any CPU
	EndGlobalSection
	GlobalSection(ProjectConfigurationPlatforms) = postSolution
		{0C7E202E-E3E3-4249-8C1D-EB4317688DE6}.Debug|Any CPU.ActiveCfg = Debug|Any CPU
		{0C7E202E-E3E3-4249-8C1D-EB4317688DE6}.Debug|Any CPU.Build.0 = Debug|Any CPU
		{0C7E202E-E3E3-4249-8C1D-EB4317688DE6}.Release|Any CPU.ActiveCfg = Release|Any CPU
		{0C7E202E-E3E3-4249-8C1D-EB4317688DE6}.Release|Any CPU.Build.0 = Release|Any CPU
		{FA0162F6-F96F-4AB1-A08D-0BB1F7EF3085}.Debug|Any CPU.ActiveCfg = Debug|Any CPU
		{FA0162F6-F96F-4AB1-A08D-0BB1F7EF3085}.Debug|Any CPU.Build.0 = Debug|Any CPU
		{FA0162F6-F96F-4AB1-A08D-0BB1F7EF3085}.Release|Any CPU.ActiveCfg = Release|Any CPU
		{FA0162F6-F96F-4AB1-A08D-0BB1F7EF3085}.Release|Any CPU.Build.0 = Release|Any CPU
		{07852E4A-BF21-483F-A766-43243B4329C2}.Debug|Any CPU.ActiveCfg = Debug|Any CPU
		{07852E4A-BF21-483F-A766-43243B4329C2}.Debug|Any CPU.Build.0 = Debug|Any CPU
		{07852E4A-BF21-483F-A766-43243B4329C2}.Release|Any CPU.ActiveCfg = Release|Any CPU
		{07852E4A-BF21-483F-A766-43243B4329C2}.Release|Any CPU.Build.0 = Release|Any CPU
	EndGlobalSection
	GlobalSection(SolutionProperties) = preSolution
		HideSolutionNode = FALSE
	EndGlobalSection
	GlobalSection(ExtensibilityGlobals) = postSolution
		SolutionGuid = {8AFE8475-5CF9-4DFD-BDBF-52CE78D1CB57}
	EndGlobalSection
EndGlobal
